// !$*UTF8*$!
{
	archiveVersion = 1;
	classes = {
	};
	objectVersion = 50;
	objects = {

/* Begin PBXBuildFile section */
		E3CEDE13214791C700831E94 /* AppDelegate.m in Sources */ = {isa = PBXBuildFile; fileRef = E3CEDE12214791C700831E94 /* AppDelegate.m */; };
		E3CEDE16214791C700831E94 /* ViewController.m in Sources */ = {isa = PBXBuildFile; fileRef = E3CEDE15214791C700831E94 /* ViewController.m */; };
		E3CEDE19214791C700831E94 /* Main.storyboard in Resources */ = {isa = PBXBuildFile; fileRef = E3CEDE17214791C700831E94 /* Main.storyboard */; };
		E3CEDE1B214791C800831E94 /* Assets.xcassets in Resources */ = {isa = PBXBuildFile; fileRef = E3CEDE1A214791C800831E94 /* Assets.xcassets */; };
		E3CEDE1E214791C800831E94 /* LaunchScreen.storyboard in Resources */ = {isa = PBXBuildFile; fileRef = E3CEDE1C214791C800831E94 /* LaunchScreen.storyboard */; };
		E3CEDE21214791C800831E94 /* main.m in Sources */ = {isa = PBXBuildFile; fileRef = E3CEDE20214791C800831E94 /* main.m */; };
		E3CEDE29214791E300831E94 /* YCConfig.m in Sources */ = {isa = PBXBuildFile; fileRef = E3CEDE28214791E300831E94 /* YCConfig.m */; };
		E3CEDE2C2147954000831E94 /* Foundation+Log.m in Sources */ = {isa = PBXBuildFile; fileRef = E3CEDE2B2147954000831E94 /* Foundation+Log.m */; };
		E3CEDE2F214797C300831E94 /* YCUrl.m in Sources */ = {isa = PBXBuildFile; fileRef = E3CEDE2E214797C300831E94 /* YCUrl.m */; };
/* End PBXBuildFile section */

/* Begin PBXFileReference section */
		E3CEDE0E214791C700831E94 /* yhcProjectStruct.app */ = {isa = PBXFileReference; explicitFileType = wrapper.application; includeInIndex = 0; path = yhcProjectStruct.app; sourceTree = BUILT_PRODUCTS_DIR; };
		E3CEDE11214791C700831E94 /* AppDelegate.h */ = {isa = PBXFileReference; lastKnownFileType = sourcecode.c.h; path = AppDelegate.h; sourceTree = "<group>"; };
		E3CEDE12214791C700831E94 /* AppDelegate.m */ = {isa = PBXFileReference; lastKnownFileType = sourcecode.c.objc; path = AppDelegate.m; sourceTree = "<group>"; };
		E3CEDE14214791C700831E94 /* ViewController.h */ = {isa = PBXFileReference; lastKnownFileType = sourcecode.c.h; path = ViewController.h; sourceTree = "<group>"; };
		E3CEDE15214791C700831E94 /* ViewController.m */ = {isa = PBXFileReference; lastKnownFileType = sourcecode.c.objc; path = ViewController.m; sourceTree = "<group>"; };
		E3CEDE18214791C700831E94 /* Base */ = {isa = PBXFileReference; lastKnownFileType = file.storyboard; name = Base; path = Base.lproj/Main.storyboard; sourceTree = "<group>"; };
		E3CEDE1A214791C800831E94 /* Assets.xcassets */ = {isa = PBXFileReference; lastKnownFileType = folder.assetcatalog; path = Assets.xcassets; sourceTree = "<group>"; };
		E3CEDE1D214791C800831E94 /* Base */ = {isa = PBXFileReference; lastKnownFileType = file.storyboard; name = Base; path = Base.lproj/LaunchScreen.storyboard; sourceTree = "<group>"; };
		E3CEDE1F214791C800831E94 /* Info.plist */ = {isa = PBXFileReference; lastKnownFileType = text.plist.xml; path = Info.plist; sourceTree = "<group>"; };
		E3CEDE20214791C800831E94 /* main.m */ = {isa = PBXFileReference; lastKnownFileType = sourcecode.c.objc; path = main.m; sourceTree = "<group>"; };
		E3CEDE27214791E300831E94 /* YCConfig.h */ = {isa = PBXFileReference; lastKnownFileType = sourcecode.c.h; path = YCConfig.h; sourceTree = "<group>"; };
		E3CEDE28214791E300831E94 /* YCConfig.m */ = {isa = PBXFileReference; lastKnownFileType = sourcecode.c.objc; path = YCConfig.m; sourceTree = "<group>"; };
		E3CEDE2B2147954000831E94 /* Foundation+Log.m */ = {isa = PBXFileReference; lastKnownFileType = sourcecode.c.objc; path = "Foundation+Log.m"; sourceTree = "<group>"; };
		E3CEDE2D214797C300831E94 /* YCUrl.h */ = {isa = PBXFileReference; lastKnownFileType = sourcecode.c.h; path = YCUrl.h; sourceTree = "<group>"; };
		E3CEDE2E214797C300831E94 /* YCUrl.m */ = {isa = PBXFileReference; lastKnownFileType = sourcecode.c.objc; path = YCUrl.m; sourceTree = "<group>"; };
		E3CEDE3121479A7D00831E94 /* YCHeader.h */ = {isa = PBXFileReference; lastKnownFileType = sourcecode.c.h; path = YCHeader.h; sourceTree = "<group>"; };
		E3CEDE3221479AD000831E94 /* YCMacro.h */ = {isa = PBXFileReference; lastKnownFileType = sourcecode.c.h; path = YCMacro.h; sourceTree = "<group>"; };
/* End PBXFileReference section */

/* Begin PBXFrameworksBuildPhase section */
		E3CEDE0B214791C700831E94 /* Frameworks */ = {
			isa = PBXFrameworksBuildPhase;
			buildActionMask = 2147483647;
			files = (
			);
			runOnlyForDeploymentPostprocessing = 0;
		};
/* End PBXFrameworksBuildPhase section */

/* Begin PBXGroup section */
		E3CEDE05214791C700831E94 = {
			isa = PBXGroup;
			children = (
				E3CEDE10214791C700831E94 /* yhcProjectStruct */,
				E3CEDE0F214791C700831E94 /* Products */,
			);
			sourceTree = "<group>";
		};
		E3CEDE0F214791C700831E94 /* Products */ = {
			isa = PBXGroup;
			children = (
				E3CEDE0E214791C700831E94 /* yhcProjectStruct.app */,
			);
			name = Products;
			sourceTree = "<group>";
		};
		E3CEDE10214791C700831E94 /* yhcProjectStruct */ = {
			isa = PBXGroup;
			children = (
				E3CEDE11214791C700831E94 /* AppDelegate.h */,
				E3CEDE12214791C700831E94 /* AppDelegate.m */,
				E3CEDE14214791C700831E94 /* ViewController.h */,
				E3CEDE15214791C700831E94 /* ViewController.m */,
				E3CEDE27214791E300831E94 /* YCConfig.h */,
				E3CEDE28214791E300831E94 /* YCConfig.m */,
				E3CEDE2D214797C300831E94 /* YCUrl.h */,
				E3CEDE2E214797C300831E94 /* YCUrl.m */,
				E3CEDE2B2147954000831E94 /* Foundation+Log.m */,
				E3CEDE3221479AD000831E94 /* YCMacro.h */,
				E3CEDE3121479A7D00831E94 /* YCHeader.h */,
				E3CEDE17214791C700831E94 /* Main.storyboard */,
				E3CEDE1A214791C800831E94 /* Assets.xcassets */,
				E3CEDE1C214791C800831E94 /* LaunchScreen.storyboard */,
				E3CEDE1F214791C800831E94 /* Info.plist */,
				E3CEDE20214791C800831E94 /* main.m */,
			);
			path = yhcProjectStruct;
			sourceTree = "<group>";
		};
/* End PBXGroup section */

/* Begin PBXNativeTarget section */
		E3CEDE0D214791C700831E94 /* yhcProjectStruct */ = {
			isa = PBXNativeTarget;
			buildConfigurationList = E3CEDE24214791C800831E94 /* Build configuration list for PBXNativeTarget "yhcProjectStruct" */;
			buildPhases = (
				E3CEDE0A214791C700831E94 /* Sources */,
				E3CEDE0B214791C700831E94 /* Frameworks */,
				E3CEDE0C214791C700831E94 /* Resources */,
			);
			buildRules = (
			);
			dependencies = (
			);
			name = yhcProjectStruct;
			productName = yhcProjectStruct;
			productReference = E3CEDE0E214791C700831E94 /* yhcProjectStruct.app */;
			productType = "com.apple.product-type.application";
		};
/* End PBXNativeTarget section */

/* Begin PBXProject section */
		E3CEDE06214791C700831E94 /* Project object */ = {
			isa = PBXProject;
			attributes = {
				LastUpgradeCheck = 0940;
				ORGANIZATIONNAME = "blue@circle";
				TargetAttributes = {
					E3CEDE0D214791C700831E94 = {
						CreatedOnToolsVersion = 9.4.1;
					};
				};
			};
			buildConfigurationList = E3CEDE09214791C700831E94 /* Build configuration list for PBXProject "yhcProjectStruct" */;
			compatibilityVersion = "Xcode 9.3";
			developmentRegion = en;
			hasScannedForEncodings = 0;
			knownRegions = (
				en,
				Base,
			);
			mainGroup = E3CEDE05214791C700831E94;
			productRefGroup = E3CEDE0F214791C700831E94 /* Products */;
			projectDirPath = "";
			projectRoot = "";
			targets = (
				E3CEDE0D214791C700831E94 /* yhcProjectStruct */,
			);
		};
/* End PBXProject section */

/* Begin PBXResourcesBuildPhase section */
		E3CEDE0C214791C700831E94 /* Resources */ = {
			isa = PBXResourcesBuildPhase;
			buildActionMask = 2147483647;
			files = (
				E3CEDE1E214791C800831E94 /* LaunchScreen.storyboard in Resources */,
				E3CEDE1B214791C800831E94 /* Assets.xcassets in Resources */,
				E3CEDE19214791C700831E94 /* Main.storyboard in Resources */,
			);
			runOnlyForDeploymentPostprocessing = 0;
		};
/* End PBXResourcesBuildPhase section */

/* Begin PBXSourcesBuildPhase section */
		E3CEDE0A214791C700831E94 /* Sources */ = {
			isa = PBXSourcesBuildPhase;
			buildActionMask = 2147483647;
			files = (
				E3CEDE16214791C700831E94 /* ViewController.m in Sources */,
				E3CEDE21214791C800831E94 /* main.m in Sources */,
				E3CEDE2C2147954000831E94 /* Foundation+Log.m in Sources */,
				E3CEDE2F214797C300831E94 /* YCUrl.m in Sources */,
				E3CEDE13214791C700831E94 /* AppDelegate.m in Sources */,
				E3CEDE29214791E300831E94 /* YCConfig.m in Sources */,
			);
			runOnlyForDeploymentPostprocessing = 0;
		};
/* End PBXSourcesBuildPhase section */

/* Begin PBXVariantGroup section */
		E3CEDE17214791C700831E94 /* Main.storyboard */ = {
			isa = PBXVariantGroup;
			children = (
				E3CEDE18214791C700831E94 /* Base */,
			);
			name = Main.storyboard;
			sourceTree = "<group>";
		};
		E3CEDE1C214791C800831E94 /* LaunchScreen.storyboard */ = {
			isa = PBXVariantGroup;
			children = (
				E3CEDE1D214791C800831E94 /* Base */,
			);
			name = LaunchScreen.storyboard;
			sourceTree = "<group>";
		};
/* End PBXVariantGroup section */

/* Begin XCBuildConfiguration section */
		E3CEDE22214791C800831E94 /* Debug */ = {
			isa = XCBuildConfiguration;
			buildSettings = {
				ALWAYS_SEARCH_USER_PATHS = NO;
				CLANG_ANALYZER_NONNULL = YES;
				CLANG_ANALYZER_NUMBER_OBJECT_CONVERSION = YES_AGGRESSIVE;
				CLANG_CXX_LANGUAGE_STANDARD = "gnu++14";
				CLANG_CXX_LIBRARY = "libc++";
				CLANG_ENABLE_MODULES = YES;
				CLANG_ENABLE_OBJC_ARC = YES;
				CLANG_ENABLE_OBJC_WEAK = YES;
				CLANG_WARN_BLOCK_CAPTURE_AUTORELEASING = YES;
				CLANG_WARN_BOOL_CONVERSION = YES;
				CLANG_WARN_COMMA = YES;
				CLANG_WARN_CONSTANT_CONVERSION = YES;
				CLANG_WARN_DEPRECATED_OBJC_IMPLEMENTATIONS = YES;
				CLANG_WARN_DIRECT_OBJC_ISA_USAGE = YES_ERROR;
				CLANG_WARN_DOCUMENTATION_COMMENTS = YES;
				CLANG_WARN_EMPTY_BODY = YES;
				CLANG_WARN_ENUM_CONVERSION = YES;
				CLANG_WARN_INFINITE_RECURSION = YES;
				CLANG_WARN_INT_CONVERSION = YES;
				CLANG_WARN_NON_LITERAL_NULL_CONVERSION = YES;
				CLANG_WARN_OBJC_IMPLICIT_RETAIN_SELF = YES;
				CLANG_WARN_OBJC_LITERAL_CONVERSION = YES;
				CLANG_WARN_OBJC_ROOT_CLASS = YES_ERROR;
				CLANG_WARN_RANGE_LOOP_ANALYSIS = YES;
				CLANG_WARN_STRICT_PROTOTYPES = YES;
				CLANG_WARN_SUSPICIOUS_MOVE = YES;
				CLANG_WARN_UNGUARDED_AVAILABILITY = YES_AGGRESSIVE;
				CLANG_WARN_UNREACHABLE_CODE = YES;
				CLANG_WARN__DUPLICATE_METHOD_MATCH = YES;
				CODE_SIGN_IDENTITY = "iPhone Developer";
				COPY_PHASE_STRIP = NO;
				DEBUG_INFORMATION_FORMAT = dwarf;
				ENABLE_STRICT_OBJC_MSGSEND = YES;
				ENABLE_TESTABILITY = YES;
				GCC_C_LANGUAGE_STANDARD = gnu11;
				GCC_DYNAMIC_NO_PIC = NO;
				GCC_NO_COMMON_BLOCKS = YES;
				GCC_OPTIMIZATION_LEVEL = 0;
				GCC_PREPROCESSOR_DEFINITIONS = (
					"DEBUG=1",
					"$(inherited)",
				);
				GCC_WARN_64_TO_32_BIT_CONVERSION = YES;
				GCC_WARN_ABOUT_RETURN_TYPE = YES_ERROR;
				GCC_WARN_UNDECLARED_SELECTOR = YES;
				GCC_WARN_UNINITIALIZED_AUTOS = YES_AGGRESSIVE;
				GCC_WARN_UNUSED_FUNCTION = YES;
				GCC_WARN_UNUSED_VARIABLE = YES;
				IPHONEOS_DEPLOYMENT_TARGET = 11.4;
				MTL_ENABLE_DEBUG_INFO = YES;
				ONLY_ACTIVE_ARCH = YES;
				SDKROOT = iphoneos;
			};
			name = Debug;
		};
		E3CEDE23214791C800831E94 /* Release */ = {
			isa = XCBuildConfiguration;
			buildSettings = {
				ALWAYS_SEARCH_USER_PATHS = NO;
				CLANG_ANALYZER_NONNULL = YES;
				CLANG_ANALYZER_NUMBER_OBJECT_CONVERSION = YES_AGGRESSIVE;
				CLANG_CXX_LANGUAGE_STANDARD = "gnu++14";
				CLANG_CXX_LIBRARY = "libc++";
				CLANG_ENABLE_MODULES = YES;
				CLANG_ENABLE_OBJC_ARC = YES;
				CLANG_ENABLE_OBJC_WEAK = YES;
				CLANG_WARN_BLOCK_CAPTURE_AUTORELEASING = YES;
				CLANG_WARN_BOOL_CONVERSION = YES;
				CLANG_WARN_COMMA = YES;
				CLANG_WARN_CONSTANT_CONVERSION = YES;
				CLANG_WARN_DEPRECATED_OBJC_IMPLEMENTATIONS = YES;
				CLANG_WARN_DIRECT_OBJC_ISA_USAGE = YES_ERROR;
				CLANG_WARN_DOCUMENTATION_COMMENTS = YES;
				CLANG_WARN_EMPTY_BODY = YES;
				CLANG_WARN_ENUM_CONVERSION = YES;
				CLANG_WARN_INFINITE_RECURSION = YES;
				CLANG_WARN_INT_CONVERSION = YES;
				CLANG_WARN_NON_LITERAL_NULL_CONVERSION = YES;
				CLANG_WARN_OBJC_IMPLICIT_RETAIN_SELF = YES;
				CLANG_WARN_OBJC_LITERAL_CONVERSION = YES;
				CLANG_WARN_OBJC_ROOT_CLASS = YES_ERROR;
				CLANG_WARN_RANGE_LOOP_ANALYSIS = YES;
				CLANG_WARN_STRICT_PROTOTYPES = YES;
				CLANG_WARN_SUSPICIOUS_MOVE = YES;
				CLANG_WARN_UNGUARDED_AVAILABILITY = YES_AGGRESSIVE;
				CLANG_WARN_UNREACHABLE_CODE = YES;
				CLANG_WARN__DUPLICATE_METHOD_MATCH = YES;
				CODE_SIGN_IDENTITY = "iPhone Developer";
				COPY_PHASE_STRIP = NO;
				DEBUG_INFORMATION_FORMAT = "dwarf-with-dsym";
				ENABLE_NS_ASSERTIONS = NO;
				ENABLE_STRICT_OBJC_MSGSEND = YES;
				GCC_C_LANGUAGE_STANDARD = gnu11;
				GCC_NO_COMMON_BLOCKS = YES;
				GCC_WARN_64_TO_32_BIT_CONVERSION = YES;
				GCC_WARN_ABOUT_RETURN_TYPE = YES_ERROR;
				GCC_WARN_UNDECLARED_SELECTOR = YES;
				GCC_WARN_UNINITIALIZED_AUTOS = YES_AGGRESSIVE;
				GCC_WARN_UNUSED_FUNCTION = YES;
				GCC_WARN_UNUSED_VARIABLE = YES;
				IPHONEOS_DEPLOYMENT_TARGET = 11.4;
				MTL_ENABLE_DEBUG_INFO = NO;
				SDKROOT = iphoneos;
				VALIDATE_PRODUCT = YES;
			};
			name = Release;
		};
		E3CEDE25214791C800831E94 /* Debug */ = {
			isa = XCBuildConfiguration;
			buildSettings = {
				ASSETCATALOG_COMPILER_APPICON_NAME = AppIcon;
				CODE_SIGN_STYLE = Automatic;
				DEVELOPMENT_TEAM = 48R9Z452YE;
				INFOPLIST_FILE = yhcProjectStruct/Info.plist;
				IPHONEOS_DEPLOYMENT_TARGET = 9.1;
				LD_RUNPATH_SEARCH_PATHS = (
					"$(inherited)",
					"@executable_path/Frameworks",
				);
				PRODUCT_BUNDLE_IDENTIFIER = baojian.yhcProjectStruct;
				PRODUCT_NAME = "$(TARGET_NAME)";
				TARGETED_DEVICE_FAMILY = "1,2";
			};
			name = Debug;
		};
		E3CEDE26214791C800831E94 /* Release */ = {
			isa = XCBuildConfiguration;
			buildSettings = {
				ASSETCATALOG_COMPILER_APPICON_NAME = AppIcon;
				CODE_SIGN_STYLE = Automatic;
				DEVELOPMENT_TEAM = 48R9Z452YE;
				INFOPLIST_FILE = yhcProjectStruct/Info.plist;
				IPHONEOS_DEPLOYMENT_TARGET = 9.1;
				LD_RUNPATH_SEARCH_PATHS = (
					"$(inherited)",
					"@executable_path/Frameworks",
				);
				PRODUCT_BUNDLE_IDENTIFIER = baojian.yhcProjectStruct;
				PRODUCT_NAME = "$(TARGET_NAME)";
				TARGETED_DEVICE_FAMILY = "1,2";
			};
			name = Release;
		};
/* End XCBuildConfiguration section */

/* Begin XCConfigurationList section */
		E3CEDE09214791C700831E94 /* Build configuration list for PBXProject "yhcProjectStruct" */ = {
			isa = XCConfigurationList;
			buildConfigurations = (
				E3CEDE22214791C800831E94 /* Debug */,
				E3CEDE23214791C800831E94 /* Release */,
			);
			defaultConfigurationIsVisible = 0;
			defaultConfigurationName = Release;
		};
		E3CEDE24214791C800831E94 /* Build configuration list for PBXNativeTarget "yhcProjectStruct" */ = {
			isa = XCConfigurationList;
			buildConfigurations = (
				E3CEDE25214791C800831E94 /* Debug */,
				E3CEDE26214791C800831E94 /* Release */,
			);
			defaultConfigurationIsVisible = 0;
			defaultConfigurationName = Release;
		};
/* End XCConfigurationList section */
	};
	rootObject = E3CEDE06214791C700831E94 /* Project object */;
}
